// !$*UTF8*$!
{
	archiveVersion = 1;
	classes = {
	};
	objectVersion = 55;
	objects = {

/* Begin PBXBuildFile section */
		0CCE69EA28A3C3A500D65D56 /* vnvceApp.swift in Sources */ = {isa = PBXBuildFile; fileRef = 0CCE69E928A3C3A500D65D56 /* vnvceApp.swift */; };
		0CCE69EC28A3C3A500D65D56 /* ContentView.swift in Sources */ = {isa = PBXBuildFile; fileRef = 0CCE69EB28A3C3A500D65D56 /* ContentView.swift */; };
		0CCE69EE28A3C3A700D65D56 /* Assets.xcassets in Resources */ = {isa = PBXBuildFile; fileRef = 0CCE69ED28A3C3A700D65D56 /* Assets.xcassets */; };
		0CCE69F128A3C3A700D65D56 /* Preview Assets.xcassets in Resources */ = {isa = PBXBuildFile; fileRef = 0CCE69F028A3C3A700D65D56 /* Preview Assets.xcassets */; };
		0CCE69FB28A3C3A700D65D56 /* vnvceTests.swift in Sources */ = {isa = PBXBuildFile; fileRef = 0CCE69FA28A3C3A700D65D56 /* vnvceTests.swift */; };
		0CCE6A0528A3C3A700D65D56 /* vnvceUITests.swift in Sources */ = {isa = PBXBuildFile; fileRef = 0CCE6A0428A3C3A700D65D56 /* vnvceUITests.swift */; };
		0CCE6A0728A3C3A700D65D56 /* vnvceUITestsLaunchTests.swift in Sources */ = {isa = PBXBuildFile; fileRef = 0CCE6A0628A3C3A700D65D56 /* vnvceUITestsLaunchTests.swift */; };
/* End PBXBuildFile section */

/* Begin PBXContainerItemProxy section */
		0CCE69F728A3C3A700D65D56 /* PBXContainerItemProxy */ = {
			isa = PBXContainerItemProxy;
			containerPortal = 0CCE69DE28A3C3A500D65D56 /* Project object */;
			proxyType = 1;
			remoteGlobalIDString = 0CCE69E528A3C3A500D65D56;
			remoteInfo = vnvce;
		};
		0CCE6A0128A3C3A700D65D56 /* PBXContainerItemProxy */ = {
			isa = PBXContainerItemProxy;
			containerPortal = 0CCE69DE28A3C3A500D65D56 /* Project object */;
			proxyType = 1;
			remoteGlobalIDString = 0CCE69E528A3C3A500D65D56;
			remoteInfo = vnvce;
		};
/* End PBXContainerItemProxy section */

/* Begin PBXFileReference section */
		0CCE69E628A3C3A500D65D56 /* vnvce.app */ = {isa = PBXFileReference; explicitFileType = wrapper.application; includeInIndex = 0; path = vnvce.app; sourceTree = BUILT_PRODUCTS_DIR; };
		0CCE69E928A3C3A500D65D56 /* vnvceApp.swift */ = {isa = PBXFileReference; lastKnownFileType = sourcecode.swift; path = vnvceApp.swift; sourceTree = "<group>"; };
		0CCE69EB28A3C3A500D65D56 /* ContentView.swift */ = {isa = PBXFileReference; lastKnownFileType = sourcecode.swift; path = ContentView.swift; sourceTree = "<group>"; };
		0CCE69ED28A3C3A700D65D56 /* Assets.xcassets */ = {isa = PBXFileReference; lastKnownFileType = folder.assetcatalog; path = Assets.xcassets; sourceTree = "<group>"; };
		0CCE69F028A3C3A700D65D56 /* Preview Assets.xcassets */ = {isa = PBXFileReference; lastKnownFileType = folder.assetcatalog; path = "Preview Assets.xcassets"; sourceTree = "<group>"; };
		0CCE69F628A3C3A700D65D56 /* vnvceTests.xctest */ = {isa = PBXFileReference; explicitFileType = wrapper.cfbundle; includeInIndex = 0; path = vnvceTests.xctest; sourceTree = BUILT_PRODUCTS_DIR; };
		0CCE69FA28A3C3A700D65D56 /* vnvceTests.swift */ = {isa = PBXFileReference; lastKnownFileType = sourcecode.swift; path = vnvceTests.swift; sourceTree = "<group>"; };
		0CCE6A0028A3C3A700D65D56 /* vnvceUITests.xctest */ = {isa = PBXFileReference; explicitFileType = wrapper.cfbundle; includeInIndex = 0; path = vnvceUITests.xctest; sourceTree = BUILT_PRODUCTS_DIR; };
		0CCE6A0428A3C3A700D65D56 /* vnvceUITests.swift */ = {isa = PBXFileReference; lastKnownFileType = sourcecode.swift; path = vnvceUITests.swift; sourceTree = "<group>"; };
		0CCE6A0628A3C3A700D65D56 /* vnvceUITestsLaunchTests.swift */ = {isa = PBXFileReference; lastKnownFileType = sourcecode.swift; path = vnvceUITestsLaunchTests.swift; sourceTree = "<group>"; };
/* End PBXFileReference section */

/* Begin PBXFrameworksBuildPhase section */
		0CCE69E328A3C3A500D65D56 /* Frameworks */ = {
			isa = PBXFrameworksBuildPhase;
			buildActionMask = 2147483647;
			files = (
			);
			runOnlyForDeploymentPostprocessing = 0;
		};
		0CCE69F328A3C3A700D65D56 /* Frameworks */ = {
			isa = PBXFrameworksBuildPhase;
			buildActionMask = 2147483647;
			files = (
			);
			runOnlyForDeploymentPostprocessing = 0;
		};
		0CCE69FD28A3C3A700D65D56 /* Frameworks */ = {
			isa = PBXFrameworksBuildPhase;
			buildActionMask = 2147483647;
			files = (
			);
			runOnlyForDeploymentPostprocessing = 0;
		};
/* End PBXFrameworksBuildPhase section */

/* Begin PBXGroup section */
		0CCE69DD28A3C3A500D65D56 = {
			isa = PBXGroup;
			children = (
				0CCE69E828A3C3A500D65D56 /* vnvce */,
				0CCE69F928A3C3A700D65D56 /* vnvceTests */,
				0CCE6A0328A3C3A700D65D56 /* vnvceUITests */,
				0CCE69E728A3C3A500D65D56 /* Products */,
			);
			sourceTree = "<group>";
		};
		0CCE69E728A3C3A500D65D56 /* Products */ = {
			isa = PBXGroup;
			children = (
				0CCE69E628A3C3A500D65D56 /* vnvce.app */,
				0CCE69F628A3C3A700D65D56 /* vnvceTests.xctest */,
				0CCE6A0028A3C3A700D65D56 /* vnvceUITests.xctest */,
			);
			name = Products;
			sourceTree = "<group>";
		};
		0CCE69E828A3C3A500D65D56 /* vnvce */ = {
			isa = PBXGroup;
			children = (
				0CCE69E928A3C3A500D65D56 /* vnvceApp.swift */,
				0CCE69EB28A3C3A500D65D56 /* ContentView.swift */,
				0CCE69ED28A3C3A700D65D56 /* Assets.xcassets */,
				0CCE69EF28A3C3A700D65D56 /* Preview Content */,
			);
			path = vnvce;
			sourceTree = "<group>";
		};
		0CCE69EF28A3C3A700D65D56 /* Preview Content */ = {
			isa = PBXGroup;
			children = (
				0CCE69F028A3C3A700D65D56 /* Preview Assets.xcassets */,
			);
			path = "Preview Content";
			sourceTree = "<group>";
		};
		0CCE69F928A3C3A700D65D56 /* vnvceTests */ = {
			isa = PBXGroup;
			children = (
				0CCE69FA28A3C3A700D65D56 /* vnvceTests.swift */,
			);
			path = vnvceTests;
			sourceTree = "<group>";
		};
		0CCE6A0328A3C3A700D65D56 /* vnvceUITests */ = {
			isa = PBXGroup;
			children = (
				0CCE6A0428A3C3A700D65D56 /* vnvceUITests.swift */,
				0CCE6A0628A3C3A700D65D56 /* vnvceUITestsLaunchTests.swift */,
			);
			path = vnvceUITests;
			sourceTree = "<group>";
		};
/* End PBXGroup section */

/* Begin PBXNativeTarget section */
		0CCE69E528A3C3A500D65D56 /* vnvce */ = {
			isa = PBXNativeTarget;
			buildConfigurationList = 0CCE6A0A28A3C3A700D65D56 /* Build configuration list for PBXNativeTarget "vnvce" */;
			buildPhases = (
				0CCE69E228A3C3A500D65D56 /* Sources */,
				0CCE69E328A3C3A500D65D56 /* Frameworks */,
				0CCE69E428A3C3A500D65D56 /* Resources */,
			);
			buildRules = (
			);
			dependencies = (
			);
			name = vnvce;
			productName = vnvce;
			productReference = 0CCE69E628A3C3A500D65D56 /* vnvce.app */;
			productType = "com.apple.product-type.application";
		};
		0CCE69F528A3C3A700D65D56 /* vnvceTests */ = {
			isa = PBXNativeTarget;
			buildConfigurationList = 0CCE6A0D28A3C3A700D65D56 /* Build configuration list for PBXNativeTarget "vnvceTests" */;
			buildPhases = (
				0CCE69F228A3C3A700D65D56 /* Sources */,
				0CCE69F328A3C3A700D65D56 /* Frameworks */,
				0CCE69F428A3C3A700D65D56 /* Resources */,
			);
			buildRules = (
			);
			dependencies = (
				0CCE69F828A3C3A700D65D56 /* PBXTargetDependency */,
			);
			name = vnvceTests;
			productName = vnvceTests;
			productReference = 0CCE69F628A3C3A700D65D56 /* vnvceTests.xctest */;
			productType = "com.apple.product-type.bundle.unit-test";
		};
		0CCE69FF28A3C3A700D65D56 /* vnvceUITests */ = {
			isa = PBXNativeTarget;
			buildConfigurationList = 0CCE6A1028A3C3A700D65D56 /* Build configuration list for PBXNativeTarget "vnvceUITests" */;
			buildPhases = (
				0CCE69FC28A3C3A700D65D56 /* Sources */,
				0CCE69FD28A3C3A700D65D56 /* Frameworks */,
				0CCE69FE28A3C3A700D65D56 /* Resources */,
			);
			buildRules = (
			);
			dependencies = (
				0CCE6A0228A3C3A700D65D56 /* PBXTargetDependency */,
			);
			name = vnvceUITests;
			productName = vnvceUITests;
			productReference = 0CCE6A0028A3C3A700D65D56 /* vnvceUITests.xctest */;
			productType = "com.apple.product-type.bundle.ui-testing";
		};
/* End PBXNativeTarget section */

/* Begin PBXProject section */
		0CCE69DE28A3C3A500D65D56 /* Project object */ = {
			isa = PBXProject;
			attributes = {
				BuildIndependentTargetsInParallel = 1;
				LastSwiftUpdateCheck = 1340;
				LastUpgradeCheck = 1340;
				TargetAttributes = {
					0CCE69E528A3C3A500D65D56 = {
						CreatedOnToolsVersion = 13.4.1;
					};
					0CCE69F528A3C3A700D65D56 = {
						CreatedOnToolsVersion = 13.4.1;
						TestTargetID = 0CCE69E528A3C3A500D65D56;
					};
					0CCE69FF28A3C3A700D65D56 = {
						CreatedOnToolsVersion = 13.4.1;
						TestTargetID = 0CCE69E528A3C3A500D65D56;
					};
				};
			};
			buildConfigurationList = 0CCE69E128A3C3A500D65D56 /* Build configuration list for PBXProject "vnvce" */;
			compatibilityVersion = "Xcode 13.0";
			developmentRegion = en;
			hasScannedForEncodings = 0;
			knownRegions = (
				en,
				Base,
			);
			mainGroup = 0CCE69DD28A3C3A500D65D56;
			productRefGroup = 0CCE69E728A3C3A500D65D56 /* Products */;
			projectDirPath = "";
			projectRoot = "";
			targets = (
				0CCE69E528A3C3A500D65D56 /* vnvce */,
				0CCE69F528A3C3A700D65D56 /* vnvceTests */,
				0CCE69FF28A3C3A700D65D56 /* vnvceUITests */,
			);
		};
/* End PBXProject section */

/* Begin PBXResourcesBuildPhase section */
		0CCE69E428A3C3A500D65D56 /* Resources */ = {
			isa = PBXResourcesBuildPhase;
			buildActionMask = 2147483647;
			files = (
				0CCE69F128A3C3A700D65D56 /* Preview Assets.xcassets in Resources */,
				0CCE69EE28A3C3A700D65D56 /* Assets.xcassets in Resources */,
			);
			runOnlyForDeploymentPostprocessing = 0;
		};
		0CCE69F428A3C3A700D65D56 /* Resources */ = {
			isa = PBXResourcesBuildPhase;
			buildActionMask = 2147483647;
			files = (
			);
			runOnlyForDeploymentPostprocessing = 0;
		};
		0CCE69FE28A3C3A700D65D56 /* Resources */ = {
			isa = PBXResourcesBuildPhase;
			buildActionMask = 2147483647;
			files = (
			);
			runOnlyForDeploymentPostprocessing = 0;
		};
/* End PBXResourcesBuildPhase section */

/* Begin PBXSourcesBuildPhase section */
		0CCE69E228A3C3A500D65D56 /* Sources */ = {
			isa = PBXSourcesBuildPhase;
			buildActionMask = 2147483647;
			files = (
				0CCE69EC28A3C3A500D65D56 /* ContentView.swift in Sources */,
				0CCE69EA28A3C3A500D65D56 /* vnvceApp.swift in Sources */,
			);
			runOnlyForDeploymentPostprocessing = 0;
		};
		0CCE69F228A3C3A700D65D56 /* Sources */ = {
			isa = PBXSourcesBuildPhase;
			buildActionMask = 2147483647;
			files = (
				0CCE69FB28A3C3A700D65D56 /* vnvceTests.swift in Sources */,
			);
			runOnlyForDeploymentPostprocessing = 0;
		};
		0CCE69FC28A3C3A700D65D56 /* Sources */ = {
			isa = PBXSourcesBuildPhase;
			buildActionMask = 2147483647;
			files = (
				0CCE6A0528A3C3A700D65D56 /* vnvceUITests.swift in Sources */,
				0CCE6A0728A3C3A700D65D56 /* vnvceUITestsLaunchTests.swift in Sources */,
			);
			runOnlyForDeploymentPostprocessing = 0;
		};
/* End PBXSourcesBuildPhase section */

/* Begin PBXTargetDependency section */
		0CCE69F828A3C3A700D65D56 /* PBXTargetDependency */ = {
			isa = PBXTargetDependency;
			target = 0CCE69E528A3C3A500D65D56 /* vnvce */;
			targetProxy = 0CCE69F728A3C3A700D65D56 /* PBXContainerItemProxy */;
		};
		0CCE6A0228A3C3A700D65D56 /* PBXTargetDependency */ = {
			isa = PBXTargetDependency;
			target = 0CCE69E528A3C3A500D65D56 /* vnvce */;
			targetProxy = 0CCE6A0128A3C3A700D65D56 /* PBXContainerItemProxy */;
		};
/* End PBXTargetDependency section */

/* Begin XCBuildConfiguration section */
		0CCE6A0828A3C3A700D65D56 /* Debug */ = {
			isa = XCBuildConfiguration;
			buildSettings = {
				ALWAYS_SEARCH_USER_PATHS = NO;
				CLANG_ANALYZER_NONNULL = YES;
				CLANG_ANALYZER_NUMBER_OBJECT_CONVERSION = YES_AGGRESSIVE;
				CLANG_CXX_LANGUAGE_STANDARD = "gnu++17";
				CLANG_ENABLE_MODULES = YES;
				CLANG_ENABLE_OBJC_ARC = YES;
				CLANG_ENABLE_OBJC_WEAK = YES;
				CLANG_WARN_BLOCK_CAPTURE_AUTORELEASING = YES;
				CLANG_WARN_BOOL_CONVERSION = YES;
				CLANG_WARN_COMMA = YES;
				CLANG_WARN_CONSTANT_CONVERSION = YES;
				CLANG_WARN_DEPRECATED_OBJC_IMPLEMENTATIONS = YES;
				CLANG_WARN_DIRECT_OBJC_ISA_USAGE = YES_ERROR;
				CLANG_WARN_DOCUMENTATION_COMMENTS = YES;
				CLANG_WARN_EMPTY_BODY = YES;
				CLANG_WARN_ENUM_CONVERSION = YES;
				CLANG_WARN_INFINITE_RECURSION = YES;
				CLANG_WARN_INT_CONVERSION = YES;
				CLANG_WARN_NON_LITERAL_NULL_CONVERSION = YES;
				CLANG_WARN_OBJC_IMPLICIT_RETAIN_SELF = YES;
				CLANG_WARN_OBJC_LITERAL_CONVERSION = YES;
				CLANG_WARN_OBJC_ROOT_CLASS = YES_ERROR;
				CLANG_WARN_QUOTED_INCLUDE_IN_FRAMEWORK_HEADER = YES;
				CLANG_WARN_RANGE_LOOP_ANALYSIS = YES;
				CLANG_WARN_STRICT_PROTOTYPES = YES;
				CLANG_WARN_SUSPICIOUS_MOVE = YES;
				CLANG_WARN_UNGUARDED_AVAILABILITY = YES_AGGRESSIVE;
				CLANG_WARN_UNREACHABLE_CODE = YES;
				CLANG_WARN__DUPLICATE_METHOD_MATCH = YES;
				COPY_PHASE_STRIP = NO;
				DEBUG_INFORMATION_FORMAT = dwarf;
				ENABLE_STRICT_OBJC_MSGSEND = YES;
				ENABLE_TESTABILITY = YES;
				GCC_C_LANGUAGE_STANDARD = gnu11;
				GCC_DYNAMIC_NO_PIC = NO;
				GCC_NO_COMMON_BLOCKS = YES;
				GCC_OPTIMIZATION_LEVEL = 0;
				GCC_PREPROCESSOR_DEFINITIONS = (
					"DEBUG=1",
					"$(inherited)",
				);
				GCC_WARN_64_TO_32_BIT_CONVERSION = YES;
				GCC_WARN_ABOUT_RETURN_TYPE = YES_ERROR;
				GCC_WARN_UNDECLARED_SELECTOR = YES;
				GCC_WARN_UNINITIALIZED_AUTOS = YES_AGGRESSIVE;
				GCC_WARN_UNUSED_FUNCTION = YES;
				GCC_WARN_UNUSED_VARIABLE = YES;
				IPHONEOS_DEPLOYMENT_TARGET = 15.5;
				MTL_ENABLE_DEBUG_INFO = INCLUDE_SOURCE;
				MTL_FAST_MATH = YES;
				ONLY_ACTIVE_ARCH = YES;
				SDKROOT = iphoneos;
				SWIFT_ACTIVE_COMPILATION_CONDITIONS = DEBUG;
				SWIFT_OPTIMIZATION_LEVEL = "-Onone";
			};
			name = Debug;
		};
		0CCE6A0928A3C3A700D65D56 /* Release */ = {
			isa = XCBuildConfiguration;
			buildSettings = {
				ALWAYS_SEARCH_USER_PATHS = NO;
				CLANG_ANALYZER_NONNULL = YES;
				CLANG_ANALYZER_NUMBER_OBJECT_CONVERSION = YES_AGGRESSIVE;
				CLANG_CXX_LANGUAGE_STANDARD = "gnu++17";
				CLANG_ENABLE_MODULES = YES;
				CLANG_ENABLE_OBJC_ARC = YES;
				CLANG_ENABLE_OBJC_WEAK = YES;
				CLANG_WARN_BLOCK_CAPTURE_AUTORELEASING = YES;
				CLANG_WARN_BOOL_CONVERSION = YES;
				CLANG_WARN_COMMA = YES;
				CLANG_WARN_CONSTANT_CONVERSION = YES;
				CLANG_WARN_DEPRECATED_OBJC_IMPLEMENTATIONS = YES;
				CLANG_WARN_DIRECT_OBJC_ISA_USAGE = YES_ERROR;
				CLANG_WARN_DOCUMENTATION_COMMENTS = YES;
				CLANG_WARN_EMPTY_BODY = YES;
				CLANG_WARN_ENUM_CONVERSION = YES;
				CLANG_WARN_INFINITE_RECURSION = YES;
				CLANG_WARN_INT_CONVERSION = YES;
				CLANG_WARN_NON_LITERAL_NULL_CONVERSION = YES;
				CLANG_WARN_OBJC_IMPLICIT_RETAIN_SELF = YES;
				CLANG_WARN_OBJC_LITERAL_CONVERSION = YES;
				CLANG_WARN_OBJC_ROOT_CLASS = YES_ERROR;
				CLANG_WARN_QUOTED_INCLUDE_IN_FRAMEWORK_HEADER = YES;
				CLANG_WARN_RANGE_LOOP_ANALYSIS = YES;
				CLANG_WARN_STRICT_PROTOTYPES = YES;
				CLANG_WARN_SUSPICIOUS_MOVE = YES;
				CLANG_WARN_UNGUARDED_AVAILABILITY = YES_AGGRESSIVE;
				CLANG_WARN_UNREACHABLE_CODE = YES;
				CLANG_WARN__DUPLICATE_METHOD_MATCH = YES;
				COPY_PHASE_STRIP = NO;
				DEBUG_INFORMATION_FORMAT = "dwarf-with-dsym";
				ENABLE_NS_ASSERTIONS = NO;
				ENABLE_STRICT_OBJC_MSGSEND = YES;
				GCC_C_LANGUAGE_STANDARD = gnu11;
				GCC_NO_COMMON_BLOCKS = YES;
				GCC_WARN_64_TO_32_BIT_CONVERSION = YES;
				GCC_WARN_ABOUT_RETURN_TYPE = YES_ERROR;
				GCC_WARN_UNDECLARED_SELECTOR = YES;
				GCC_WARN_UNINITIALIZED_AUTOS = YES_AGGRESSIVE;
				GCC_WARN_UNUSED_FUNCTION = YES;
				GCC_WARN_UNUSED_VARIABLE = YES;
				IPHONEOS_DEPLOYMENT_TARGET = 15.5;
				MTL_ENABLE_DEBUG_INFO = NO;
				MTL_FAST_MATH = YES;
				SDKROOT = iphoneos;
				SWIFT_COMPILATION_MODE = wholemodule;
				SWIFT_OPTIMIZATION_LEVEL = "-O";
				VALIDATE_PRODUCT = YES;
			};
			name = Release;
		};
		0CCE6A0B28A3C3A700D65D56 /* Debug */ = {
			isa = XCBuildConfiguration;
			buildSettings = {
				ASSETCATALOG_COMPILER_APPICON_NAME = AppIcon;
				ASSETCATALOG_COMPILER_GLOBAL_ACCENT_COLOR_NAME = AccentColor;
				CODE_SIGN_STYLE = Automatic;
				CURRENT_PROJECT_VERSION = 1;
				DEVELOPMENT_ASSET_PATHS = "\"vnvce/Preview Content\"";
				DEVELOPMENT_TEAM = 4FWPM5P32R;
				ENABLE_PREVIEWS = YES;
				GENERATE_INFOPLIST_FILE = YES;
				INFOPLIST_KEY_UIApplicationSceneManifest_Generation = YES;
				INFOPLIST_KEY_UIApplicationSupportsIndirectInputEvents = YES;
				INFOPLIST_KEY_UILaunchScreen_Generation = YES;
				INFOPLIST_KEY_UISupportedInterfaceOrientations_iPad = "UIInterfaceOrientationPortrait UIInterfaceOrientationPortraitUpsideDown UIInterfaceOrientationLandscapeLeft UIInterfaceOrientationLandscapeRight";
				INFOPLIST_KEY_UISupportedInterfaceOrientations_iPhone = "UIInterfaceOrientationPortrait UIInterfaceOrientationLandscapeLeft UIInterfaceOrientationLandscapeRight";
				LD_RUNPATH_SEARCH_PATHS = (
					"$(inherited)",
					"@executable_path/Frameworks",
				);
				MARKETING_VERSION = 1.0;
				PRODUCT_BUNDLE_IDENTIFIER = com.socialayf.vnvce;
				PRODUCT_NAME = "$(TARGET_NAME)";
				SWIFT_EMIT_LOC_STRINGS = YES;
				SWIFT_VERSION = 5.0;
				TARGETED_DEVICE_FAMILY = "1,2";
			};
			name = Debug;
		};
		0CCE6A0C28A3C3A700D65D56 /* Release */ = {
			isa = XCBuildConfiguration;
			buildSettings = {
				ASSETCATALOG_COMPILER_APPICON_NAME = AppIcon;
				ASSETCATALOG_COMPILER_GLOBAL_ACCENT_COLOR_NAME = AccentColor;
				CODE_SIGN_STYLE = Automatic;
				CURRENT_PROJECT_VERSION = 1;
				DEVELOPMENT_ASSET_PATHS = "\"vnvce/Preview Content\"";
				DEVELOPMENT_TEAM = 4FWPM5P32R;
				ENABLE_PREVIEWS = YES;
				GENERATE_INFOPLIST_FILE = YES;
				INFOPLIST_KEY_UIApplicationSceneManifest_Generation = YES;
				INFOPLIST_KEY_UIApplicationSupportsIndirectInputEvents = YES;
				INFOPLIST_KEY_UILaunchScreen_Generation = YES;
				INFOPLIST_KEY_UISupportedInterfaceOrientations_iPad = "UIInterfaceOrientationPortrait UIInterfaceOrientationPortraitUpsideDown UIInterfaceOrientationLandscapeLeft UIInterfaceOrientationLandscapeRight";
				INFOPLIST_KEY_UISupportedInterfaceOrientations_iPhone = "UIInterfaceOrientationPortrait UIInterfaceOrientationLandscapeLeft UIInterfaceOrientationLandscapeRight";
				LD_RUNPATH_SEARCH_PATHS = (
					"$(inherited)",
					"@executable_path/Frameworks",
				);
				MARKETING_VERSION = 1.0;
				PRODUCT_BUNDLE_IDENTIFIER = com.socialayf.vnvce;
				PRODUCT_NAME = "$(TARGET_NAME)";
				SWIFT_EMIT_LOC_STRINGS = YES;
				SWIFT_VERSION = 5.0;
				TARGETED_DEVICE_FAMILY = "1,2";
			};
			name = Release;
		};
		0CCE6A0E28A3C3A700D65D56 /* Debug */ = {
			isa = XCBuildConfiguration;
			buildSettings = {
				ALWAYS_EMBED_SWIFT_STANDARD_LIBRARIES = YES;
				BUNDLE_LOADER = "$(TEST_HOST)";
				CODE_SIGN_STYLE = Automatic;
				CURRENT_PROJECT_VERSION = 1;
				DEVELOPMENT_TEAM = 4FWPM5P32R;
				GENERATE_INFOPLIST_FILE = YES;
				IPHONEOS_DEPLOYMENT_TARGET = 15.5;
				MARKETING_VERSION = 1.0;
				PRODUCT_BUNDLE_IDENTIFIER = com.socialayf.vnvceTests;
				PRODUCT_NAME = "$(TARGET_NAME)";
				SWIFT_EMIT_LOC_STRINGS = NO;
				SWIFT_VERSION = 5.0;
				TARGETED_DEVICE_FAMILY = "1,2";
				TEST_HOST = "$(BUILT_PRODUCTS_DIR)/vnvce.app/vnvce";
			};
			name = Debug;
		};
		0CCE6A0F28A3C3A700D65D56 /* Release */ = {
			isa = XCBuildConfiguration;
			buildSettings = {
				ALWAYS_EMBED_SWIFT_STANDARD_LIBRARIES = YES;
				BUNDLE_LOADER = "$(TEST_HOST)";
				CODE_SIGN_STYLE = Automatic;
				CURRENT_PROJECT_VERSION = 1;
				DEVELOPMENT_TEAM = 4FWPM5P32R;
				GENERATE_INFOPLIST_FILE = YES;
				IPHONEOS_DEPLOYMENT_TARGET = 15.5;
				MARKETING_VERSION = 1.0;
				PRODUCT_BUNDLE_IDENTIFIER = com.socialayf.vnvceTests;
				PRODUCT_NAME = "$(TARGET_NAME)";
				SWIFT_EMIT_LOC_STRINGS = NO;
				SWIFT_VERSION = 5.0;
				TARGETED_DEVICE_FAMILY = "1,2";
				TEST_HOST = "$(BUILT_PRODUCTS_DIR)/vnvce.app/vnvce";
			};
			name = Release;
		};
		0CCE6A1128A3C3A700D65D56 /* Debug */ = {
			isa = XCBuildConfiguration;
			buildSettings = {
				ALWAYS_EMBED_SWIFT_STANDARD_LIBRARIES = YES;
				CODE_SIGN_STYLE = Automatic;
				CURRENT_PROJECT_VERSION = 1;
				DEVELOPMENT_TEAM = 4FWPM5P32R;
				GENERATE_INFOPLIST_FILE = YES;
				MARKETING_VERSION = 1.0;
				PRODUCT_BUNDLE_IDENTIFIER = com.socialayf.vnvceUITests;
				PRODUCT_NAME = "$(TARGET_NAME)";
				SWIFT_EMIT_LOC_STRINGS = NO;
				SWIFT_VERSION = 5.0;
				TARGETED_DEVICE_FAMILY = "1,2";
				TEST_TARGET_NAME = vnvce;
			};
			name = Debug;
		};
		0CCE6A1228A3C3A700D65D56 /* Release */ = {
			isa = XCBuildConfiguration;
			buildSettings = {
				ALWAYS_EMBED_SWIFT_STANDARD_LIBRARIES = YES;
				CODE_SIGN_STYLE = Automatic;
				CURRENT_PROJECT_VERSION = 1;
				DEVELOPMENT_TEAM = 4FWPM5P32R;
				GENERATE_INFOPLIST_FILE = YES;
				MARKETING_VERSION = 1.0;
				PRODUCT_BUNDLE_IDENTIFIER = com.socialayf.vnvceUITests;
				PRODUCT_NAME = "$(TARGET_NAME)";
				SWIFT_EMIT_LOC_STRINGS = NO;
				SWIFT_VERSION = 5.0;
				TARGETED_DEVICE_FAMILY = "1,2";
				TEST_TARGET_NAME = vnvce;
			};
			name = Release;
		};
/* End XCBuildConfiguration section */

/* Begin XCConfigurationList section */
		0CCE69E128A3C3A500D65D56 /* Build configuration list for PBXProject "vnvce" */ = {
			isa = XCConfigurationList;
			buildConfigurations = (
				0CCE6A0828A3C3A700D65D56 /* Debug */,
				0CCE6A0928A3C3A700D65D56 /* Release */,
			);
			defaultConfigurationIsVisible = 0;
			defaultConfigurationName = Release;
		};
		0CCE6A0A28A3C3A700D65D56 /* Build configuration list for PBXNativeTarget "vnvce" */ = {
			isa = XCConfigurationList;
			buildConfigurations = (
				0CCE6A0B28A3C3A700D65D56 /* Debug */,
				0CCE6A0C28A3C3A700D65D56 /* Release */,
			);
			defaultConfigurationIsVisible = 0;
			defaultConfigurationName = Release;
		};
		0CCE6A0D28A3C3A700D65D56 /* Build configuration list for PBXNativeTarget "vnvceTests" */ = {
			isa = XCConfigurationList;
			buildConfigurations = (
				0CCE6A0E28A3C3A700D65D56 /* Debug */,
				0CCE6A0F28A3C3A700D65D56 /* Release */,
			);
			defaultConfigurationIsVisible = 0;
			defaultConfigurationName = Release;
		};
		0CCE6A1028A3C3A700D65D56 /* Build configuration list for PBXNativeTarget "vnvceUITests" */ = {
			isa = XCConfigurationList;
			buildConfigurations = (
				0CCE6A1128A3C3A700D65D56 /* Debug */,
				0CCE6A1228A3C3A700D65D56 /* Release */,
			);
			defaultConfigurationIsVisible = 0;
			defaultConfigurationName = Release;
		};
/* End XCConfigurationList section */
	};
	rootObject = 0CCE69DE28A3C3A500D65D56 /* Project object */;
}
